// !$*UTF8*$!
{
	archiveVersion = 1;
	classes = {
	};
	objectVersion = 48;
	objects = {

/* Begin PBXBuildFile section */
		F6974DAA2022DBA70074614B /* AppDelegate.swift in Sources */ = {isa = PBXBuildFile; fileRef = F6974DA92022DBA70074614B /* AppDelegate.swift */; };
		F6974DAC2022DBA70074614B /* ViewController.swift in Sources */ = {isa = PBXBuildFile; fileRef = F6974DAB2022DBA70074614B /* ViewController.swift */; };
		F6974DAF2022DBA70074614B /* Main.storyboard in Resources */ = {isa = PBXBuildFile; fileRef = F6974DAD2022DBA70074614B /* Main.storyboard */; };
		F6974DB22022DBA70074614B /* sweater.xcdatamodeld in Sources */ = {isa = PBXBuildFile; fileRef = F6974DB02022DBA70074614B /* sweater.xcdatamodeld */; };
		F6974DB42022DBA70074614B /* Assets.xcassets in Resources */ = {isa = PBXBuildFile; fileRef = F6974DB32022DBA70074614B /* Assets.xcassets */; };
		F6974DB72022DBA70074614B /* LaunchScreen.storyboard in Resources */ = {isa = PBXBuildFile; fileRef = F6974DB52022DBA70074614B /* LaunchScreen.storyboard */; };
/* End PBXBuildFile section */

/* Begin PBXFileReference section */
		F6974DA62022DBA70074614B /* sweater.app */ = {isa = PBXFileReference; explicitFileType = wrapper.application; includeInIndex = 0; path = sweater.app; sourceTree = BUILT_PRODUCTS_DIR; };
		F6974DA92022DBA70074614B /* AppDelegate.swift */ = {isa = PBXFileReference; lastKnownFileType = sourcecode.swift; path = AppDelegate.swift; sourceTree = "<group>"; };
		F6974DAB2022DBA70074614B /* ViewController.swift */ = {isa = PBXFileReference; lastKnownFileType = sourcecode.swift; path = ViewController.swift; sourceTree = "<group>"; };
		F6974DAE2022DBA70074614B /* Base */ = {isa = PBXFileReference; lastKnownFileType = file.storyboard; name = Base; path = Base.lproj/Main.storyboard; sourceTree = "<group>"; };
		F6974DB12022DBA70074614B /* sweater.xcdatamodel */ = {isa = PBXFileReference; lastKnownFileType = wrapper.xcdatamodel; path = sweater.xcdatamodel; sourceTree = "<group>"; };
		F6974DB32022DBA70074614B /* Assets.xcassets */ = {isa = PBXFileReference; lastKnownFileType = folder.assetcatalog; path = Assets.xcassets; sourceTree = "<group>"; };
		F6974DB62022DBA70074614B /* Base */ = {isa = PBXFileReference; lastKnownFileType = file.storyboard; name = Base; path = Base.lproj/LaunchScreen.storyboard; sourceTree = "<group>"; };
		F6974DB82022DBA70074614B /* Info.plist */ = {isa = PBXFileReference; lastKnownFileType = text.plist.xml; path = Info.plist; sourceTree = "<group>"; };
/* End PBXFileReference section */

/* Begin PBXFrameworksBuildPhase section */
		F6974DA32022DBA70074614B /* Frameworks */ = {
			isa = PBXFrameworksBuildPhase;
			buildActionMask = 2147483647;
			files = (
			);
			runOnlyForDeploymentPostprocessing = 0;
		};
/* End PBXFrameworksBuildPhase section */

/* Begin PBXGroup section */
		F6974D9D2022DBA70074614B = {
			isa = PBXGroup;
			children = (
				F6974DA82022DBA70074614B /* sweater */,
				F6974DA72022DBA70074614B /* Products */,
			);
			sourceTree = "<group>";
		};
		F6974DA72022DBA70074614B /* Products */ = {
			isa = PBXGroup;
			children = (
				F6974DA62022DBA70074614B /* sweater.app */,
			);
			name = Products;
			sourceTree = "<group>";
		};
		F6974DA82022DBA70074614B /* sweater */ = {
			isa = PBXGroup;
			children = (
				F6974DA92022DBA70074614B /* AppDelegate.swift */,
				F6974DAB2022DBA70074614B /* ViewController.swift */,
				F6974DAD2022DBA70074614B /* Main.storyboard */,
				F6974DB32022DBA70074614B /* Assets.xcassets */,
				F6974DB52022DBA70074614B /* LaunchScreen.storyboard */,
				F6974DB82022DBA70074614B /* Info.plist */,
				F6974DB02022DBA70074614B /* sweater.xcdatamodeld */,
			);
			path = sweater;
			sourceTree = "<group>";
		};
/* End PBXGroup section */

/* Begin PBXNativeTarget section */
		F6974DA52022DBA70074614B /* sweater */ = {
			isa = PBXNativeTarget;
			buildConfigurationList = F6974DBB2022DBA70074614B /* Build configuration list for PBXNativeTarget "sweater" */;
			buildPhases = (
				F6974DA22022DBA70074614B /* Sources */,
				F6974DA32022DBA70074614B /* Frameworks */,
				F6974DA42022DBA70074614B /* Resources */,
			);
			buildRules = (
			);
			dependencies = (
			);
			name = sweater;
			productName = sweater;
			productReference = F6974DA62022DBA70074614B /* sweater.app */;
			productType = "com.apple.product-type.application";
		};
/* End PBXNativeTarget section */

/* Begin PBXProject section */
		F6974D9E2022DBA70074614B /* Project object */ = {
			isa = PBXProject;
			attributes = {
				LastSwiftUpdateCheck = 0920;
				LastUpgradeCheck = 0920;
				ORGANIZATIONNAME = "Tony Keiser";
				TargetAttributes = {
					F6974DA52022DBA70074614B = {
						CreatedOnToolsVersion = 9.2;
						ProvisioningStyle = Automatic;
					};
				};
			};
			buildConfigurationList = F6974DA12022DBA70074614B /* Build configuration list for PBXProject "sweater" */;
			compatibilityVersion = "Xcode 8.0";
			developmentRegion = en;
			hasScannedForEncodings = 0;
			knownRegions = (
				en,
				Base,
			);
			mainGroup = F6974D9D2022DBA70074614B;
			productRefGroup = F6974DA72022DBA70074614B /* Products */;
			projectDirPath = "";
			projectRoot = "";
			targets = (
				F6974DA52022DBA70074614B /* sweater */,
			);
		};
/* End PBXProject section */

/* Begin PBXResourcesBuildPhase section */
		F6974DA42022DBA70074614B /* Resources */ = {
			isa = PBXResourcesBuildPhase;
			buildActionMask = 2147483647;
			files = (
				F6974DB72022DBA70074614B /* LaunchScreen.storyboard in Resources */,
				F6974DB42022DBA70074614B /* Assets.xcassets in Resources */,
				F6974DAF2022DBA70074614B /* Main.storyboard in Resources */,
			);
			runOnlyForDeploymentPostprocessing = 0;
		};
/* End PBXResourcesBuildPhase section */

/* Begin PBXSourcesBuildPhase section */
		F6974DA22022DBA70074614B /* Sources */ = {
			isa = PBXSourcesBuildPhase;
			buildActionMask = 2147483647;
			files = (
				F6974DAC2022DBA70074614B /* ViewController.swift in Sources */,
				F6974DAA2022DBA70074614B /* AppDelegate.swift in Sources */,
				F6974DB22022DBA70074614B /* sweater.xcdatamodeld in Sources */,
			);
			runOnlyForDeploymentPostprocessing = 0;
		};
/* End PBXSourcesBuildPhase section */

/* Begin PBXVariantGroup section */
		F6974DAD2022DBA70074614B /* Main.storyboard */ = {
			isa = PBXVariantGroup;
			children = (
				F6974DAE2022DBA70074614B /* Base */,
			);
			name = Main.storyboard;
			sourceTree = "<group>";
		};
		F6974DB52022DBA70074614B /* LaunchScreen.storyboard */ = {
			isa = PBXVariantGroup;
			children = (
				F6974DB62022DBA70074614B /* Base */,
			);
			name = LaunchScreen.storyboard;
			sourceTree = "<group>";
		};
/* End PBXVariantGroup section */

/* Begin XCBuildConfiguration section */
		F6974DB92022DBA70074614B /* Debug */ = {
			isa = XCBuildConfiguration;
			buildSettings = {
				ALWAYS_SEARCH_USER_PATHS = NO;
				CLANG_ANALYZER_NONNULL = YES;
				CLANG_ANALYZER_NUMBER_OBJECT_CONVERSION = YES_AGGRESSIVE;
				CLANG_CXX_LANGUAGE_STANDARD = "gnu++14";
				CLANG_CXX_LIBRARY = "libc++";
				CLANG_ENABLE_MODULES = YES;
				CLANG_ENABLE_OBJC_ARC = YES;
				CLANG_WARN_BLOCK_CAPTURE_AUTORELEASING = YES;
				CLANG_WARN_BOOL_CONVERSION = YES;
				CLANG_WARN_COMMA = YES;
				CLANG_WARN_CONSTANT_CONVERSION = YES;
				CLANG_WARN_DIRECT_OBJC_ISA_USAGE = YES_ERROR;
				CLANG_WARN_DOCUMENTATION_COMMENTS = YES;
				CLANG_WARN_EMPTY_BODY = YES;
				CLANG_WARN_ENUM_CONVERSION = YES;
				CLANG_WARN_INFINITE_RECURSION = YES;
				CLANG_WARN_INT_CONVERSION = YES;
				CLANG_WARN_NON_LITERAL_NULL_CONVERSION = YES;
				CLANG_WARN_OBJC_LITERAL_CONVERSION = YES;
				CLANG_WARN_OBJC_ROOT_CLASS = YES_ERROR;
				CLANG_WARN_RANGE_LOOP_ANALYSIS = YES;
				CLANG_WARN_STRICT_PROTOTYPES = YES;
				CLANG_WARN_SUSPICIOUS_MOVE = YES;
				CLANG_WARN_UNGUARDED_AVAILABILITY = YES_AGGRESSIVE;
				CLANG_WARN_UNREACHABLE_CODE = YES;
				CLANG_WARN__DUPLICATE_METHOD_MATCH = YES;
				CODE_SIGN_IDENTITY = "iPhone Developer";
				COPY_PHASE_STRIP = NO;
				DEBUG_INFORMATION_FORMAT = dwarf;
				ENABLE_STRICT_OBJC_MSGSEND = YES;
				ENABLE_TESTABILITY = YES;
				GCC_C_LANGUAGE_STANDARD = gnu11;
				GCC_DYNAMIC_NO_PIC = NO;
				GCC_NO_COMMON_BLOCKS = YES;
				GCC_OPTIMIZATION_LEVEL = 0;
				GCC_PREPROCESSOR_DEFINITIONS = (
					"DEBUG=1",
					"$(inherited)",
				);
				GCC_WARN_64_TO_32_BIT_CONVERSION = YES;
				GCC_WARN_ABOUT_RETURN_TYPE = YES_ERROR;
				GCC_WARN_UNDECLARED_SELECTOR = YES;
				GCC_WARN_UNINITIALIZED_AUTOS = YES_AGGRESSIVE;
				GCC_WARN_UNUSED_FUNCTION = YES;
				GCC_WARN_UNUSED_VARIABLE = YES;
				IPHONEOS_DEPLOYMENT_TARGET = 11.2;
				MTL_ENABLE_DEBUG_INFO = YES;
				ONLY_ACTIVE_ARCH = YES;
				SDKROOT = iphoneos;
				SWIFT_ACTIVE_COMPILATION_CONDITIONS = DEBUG;
				SWIFT_OPTIMIZATION_LEVEL = "-Onone";
			};
			name = Debug;
		};
		F6974DBA2022DBA70074614B /* Release */ = {
			isa = XCBuildConfiguration;
			buildSettings = {
				ALWAYS_SEARCH_USER_PATHS = NO;
				CLANG_ANALYZER_NONNULL = YES;
				CLANG_ANALYZER_NUMBER_OBJECT_CONVERSION = YES_AGGRESSIVE;
				CLANG_CXX_LANGUAGE_STANDARD = "gnu++14";
				CLANG_CXX_LIBRARY = "libc++";
				CLANG_ENABLE_MODULES = YES;
				CLANG_ENABLE_OBJC_ARC = YES;
				CLANG_WARN_BLOCK_CAPTURE_AUTORELEASING = YES;
				CLANG_WARN_BOOL_CONVERSION = YES;
				CLANG_WARN_COMMA = YES;
				CLANG_WARN_CONSTANT_CONVERSION = YES;
				CLANG_WARN_DIRECT_OBJC_ISA_USAGE = YES_ERROR;
				CLANG_WARN_DOCUMENTATION_COMMENTS = YES;
				CLANG_WARN_EMPTY_BODY = YES;
				CLANG_WARN_ENUM_CONVERSION = YES;
				CLANG_WARN_INFINITE_RECURSION = YES;
				CLANG_WARN_INT_CONVERSION = YES;
				CLANG_WARN_NON_LITERAL_NULL_CONVERSION = YES;
				CLANG_WARN_OBJC_LITERAL_CONVERSION = YES;
				CLANG_WARN_OBJC_ROOT_CLASS = YES_ERROR;
				CLANG_WARN_RANGE_LOOP_ANALYSIS = YES;
				CLANG_WARN_STRICT_PROTOTYPES = YES;
				CLANG_WARN_SUSPICIOUS_MOVE = YES;
				CLANG_WARN_UNGUARDED_AVAILABILITY = YES_AGGRESSIVE;
				CLANG_WARN_UNREACHABLE_CODE = YES;
				CLANG_WARN__DUPLICATE_METHOD_MATCH = YES;
				CODE_SIGN_IDENTITY = "iPhone Developer";
				COPY_PHASE_STRIP = NO;
				DEBUG_INFORMATION_FORMAT = "dwarf-with-dsym";
				ENABLE_NS_ASSERTIONS = NO;
				ENABLE_STRICT_OBJC_MSGSEND = YES;
				GCC_C_LANGUAGE_STANDARD = gnu11;
				GCC_NO_COMMON_BLOCKS = YES;
				GCC_WARN_64_TO_32_BIT_CONVERSION = YES;
				GCC_WARN_ABOUT_RETURN_TYPE = YES_ERROR;
				GCC_WARN_UNDECLARED_SELECTOR = YES;
				GCC_WARN_UNINITIALIZED_AUTOS = YES_AGGRESSIVE;
				GCC_WARN_UNUSED_FUNCTION = YES;
				GCC_WARN_UNUSED_VARIABLE = YES;
				IPHONEOS_DEPLOYMENT_TARGET = 11.2;
				MTL_ENABLE_DEBUG_INFO = NO;
				SDKROOT = iphoneos;
				SWIFT_OPTIMIZATION_LEVEL = "-Owholemodule";
				VALIDATE_PRODUCT = YES;
			};
			name = Release;
		};
		F6974DBC2022DBA70074614B /* Debug */ = {
			isa = XCBuildConfiguration;
			buildSettings = {
				ASSETCATALOG_COMPILER_APPICON_NAME = AppIcon;
				CODE_SIGN_STYLE = Automatic;
				DEVELOPMENT_TEAM = SSZA2FVX6P;
				INFOPLIST_FILE = sweater/Info.plist;
				LD_RUNPATH_SEARCH_PATHS = "$(inherited) @executable_path/Frameworks";
				PRODUCT_BUNDLE_IDENTIFIER = com.tonykeiser.sweater;
				PRODUCT_NAME = "$(TARGET_NAME)";
				SWIFT_VERSION = 4.0;
				TARGETED_DEVICE_FAMILY = "1,2";
			};
			name = Debug;
		};
		F6974DBD2022DBA70074614B /* Release */ = {
			isa = XCBuildConfiguration;
			buildSettings = {
				ASSETCATALOG_COMPILER_APPICON_NAME = AppIcon;
				CODE_SIGN_STYLE = Automatic;
				DEVELOPMENT_TEAM = SSZA2FVX6P;
				INFOPLIST_FILE = sweater/Info.plist;
				LD_RUNPATH_SEARCH_PATHS = "$(inherited) @executable_path/Frameworks";
				PRODUCT_BUNDLE_IDENTIFIER = com.tonykeiser.sweater;
				PRODUCT_NAME = "$(TARGET_NAME)";
				SWIFT_VERSION = 4.0;
				TARGETED_DEVICE_FAMILY = "1,2";
			};
			name = Release;
		};
/* End XCBuildConfiguration section */

/* Begin XCConfigurationList section */
		F6974DA12022DBA70074614B /* Build configuration list for PBXProject "sweater" */ = {
			isa = XCConfigurationList;
			buildConfigurations = (
				F6974DB92022DBA70074614B /* Debug */,
				F6974DBA2022DBA70074614B /* Release */,
			);
			defaultConfigurationIsVisible = 0;
			defaultConfigurationName = Release;
		};
		F6974DBB2022DBA70074614B /* Build configuration list for PBXNativeTarget "sweater" */ = {
			isa = XCConfigurationList;
			buildConfigurations = (
				F6974DBC2022DBA70074614B /* Debug */,
				F6974DBD2022DBA70074614B /* Release */,
			);
			defaultConfigurationIsVisible = 0;
			defaultConfigurationName = Release;
		};
/* End XCConfigurationList section */

/* Begin XCVersionGroup section */
		F6974DB02022DBA70074614B /* sweater.xcdatamodeld */ = {
			isa = XCVersionGroup;
			children = (
				F6974DB12022DBA70074614B /* sweater.xcdatamodel */,
			);
			currentVersion = F6974DB12022DBA70074614B /* sweater.xcdatamodel */;
			path = sweater.xcdatamodeld;
			sourceTree = "<group>";
			versionGroupType = wrapper.xcdatamodel;
		};
/* End XCVersionGroup section */
	};
	rootObject = F6974D9E2022DBA70074614B /* Project object */;
}
